// !$*UTF8*$!
{
	archiveVersion = 1;
	classes = {
	};
	objectVersion = 46;
	objects = {

/* Begin PBXBuildFile section */
		386122891AB304F700BDEF0A /* main.m in Sources */ = {isa = PBXBuildFile; fileRef = 386122881AB304F700BDEF0A /* main.m */; };
		3861228C1AB304F700BDEF0A /* AppDelegate.m in Sources */ = {isa = PBXBuildFile; fileRef = 3861228B1AB304F700BDEF0A /* AppDelegate.m */; };
		3861228F1AB304F700BDEF0A /* ViewController.m in Sources */ = {isa = PBXBuildFile; fileRef = 3861228E1AB304F700BDEF0A /* ViewController.m */; };
		386122921AB304F700BDEF0A /* Main.storyboard in Resources */ = {isa = PBXBuildFile; fileRef = 386122901AB304F700BDEF0A /* Main.storyboard */; };
		386122941AB304F700BDEF0A /* Images.xcassets in Resources */ = {isa = PBXBuildFile; fileRef = 386122931AB304F700BDEF0A /* Images.xcassets */; };
		386122971AB304F700BDEF0A /* LaunchScreen.xib in Resources */ = {isa = PBXBuildFile; fileRef = 386122951AB304F700BDEF0A /* LaunchScreen.xib */; };
		386122A31AB304F700BDEF0A /* lblDemoTests.m in Sources */ = {isa = PBXBuildFile; fileRef = 386122A21AB304F700BDEF0A /* lblDemoTests.m */; };
/* End PBXBuildFile section */

/* Begin PBXContainerItemProxy section */
		3861229D1AB304F700BDEF0A /* PBXContainerItemProxy */ = {
			isa = PBXContainerItemProxy;
			containerPortal = 3861227B1AB304F700BDEF0A /* Project object */;
			proxyType = 1;
			remoteGlobalIDString = 386122821AB304F700BDEF0A;
			remoteInfo = lblDemo;
		};
/* End PBXContainerItemProxy section */

/* Begin PBXFileReference section */
		386122831AB304F700BDEF0A /* lblDemo.app */ = {isa = PBXFileReference; explicitFileType = wrapper.application; includeInIndex = 0; path = lblDemo.app; sourceTree = BUILT_PRODUCTS_DIR; };
		386122871AB304F700BDEF0A /* Info.plist */ = {isa = PBXFileReference; lastKnownFileType = text.plist.xml; path = Info.plist; sourceTree = "<group>"; };
		386122881AB304F700BDEF0A /* main.m */ = {isa = PBXFileReference; lastKnownFileType = sourcecode.c.objc; path = main.m; sourceTree = "<group>"; };
		3861228A1AB304F700BDEF0A /* AppDelegate.h */ = {isa = PBXFileReference; lastKnownFileType = sourcecode.c.h; path = AppDelegate.h; sourceTree = "<group>"; };
		3861228B1AB304F700BDEF0A /* AppDelegate.m */ = {isa = PBXFileReference; lastKnownFileType = sourcecode.c.objc; path = AppDelegate.m; sourceTree = "<group>"; };
		3861228D1AB304F700BDEF0A /* ViewController.h */ = {isa = PBXFileReference; lastKnownFileType = sourcecode.c.h; path = ViewController.h; sourceTree = "<group>"; };
		3861228E1AB304F700BDEF0A /* ViewController.m */ = {isa = PBXFileReference; lastKnownFileType = sourcecode.c.objc; path = ViewController.m; sourceTree = "<group>"; };
		386122911AB304F700BDEF0A /* Base */ = {isa = PBXFileReference; lastKnownFileType = file.storyboard; name = Base; path = Base.lproj/Main.storyboard; sourceTree = "<group>"; };
		386122931AB304F700BDEF0A /* Images.xcassets */ = {isa = PBXFileReference; lastKnownFileType = folder.assetcatalog; path = Images.xcassets; sourceTree = "<group>"; };
		386122961AB304F700BDEF0A /* Base */ = {isa = PBXFileReference; lastKnownFileType = file.xib; name = Base; path = Base.lproj/LaunchScreen.xib; sourceTree = "<group>"; };
		3861229C1AB304F700BDEF0A /* lblDemoTests.xctest */ = {isa = PBXFileReference; explicitFileType = wrapper.cfbundle; includeInIndex = 0; path = lblDemoTests.xctest; sourceTree = BUILT_PRODUCTS_DIR; };
		386122A11AB304F700BDEF0A /* Info.plist */ = {isa = PBXFileReference; lastKnownFileType = text.plist.xml; path = Info.plist; sourceTree = "<group>"; };
		386122A21AB304F700BDEF0A /* lblDemoTests.m */ = {isa = PBXFileReference; lastKnownFileType = sourcecode.c.objc; path = lblDemoTests.m; sourceTree = "<group>"; };
/* End PBXFileReference section */

/* Begin PBXFrameworksBuildPhase section */
		386122801AB304F700BDEF0A /* Frameworks */ = {
			isa = PBXFrameworksBuildPhase;
			buildActionMask = 2147483647;
			files = (
			);
			runOnlyForDeploymentPostprocessing = 0;
		};
		386122991AB304F700BDEF0A /* Frameworks */ = {
			isa = PBXFrameworksBuildPhase;
			buildActionMask = 2147483647;
			files = (
			);
			runOnlyForDeploymentPostprocessing = 0;
		};
/* End PBXFrameworksBuildPhase section */

/* Begin PBXGroup section */
		3861227A1AB304F700BDEF0A = {
			isa = PBXGroup;
			children = (
				386122851AB304F700BDEF0A /* lblDemo */,
				3861229F1AB304F700BDEF0A /* lblDemoTests */,
				386122841AB304F700BDEF0A /* Products */,
			);
			sourceTree = "<group>";
		};
		386122841AB304F700BDEF0A /* Products */ = {
			isa = PBXGroup;
			children = (
				386122831AB304F700BDEF0A /* lblDemo.app */,
				3861229C1AB304F700BDEF0A /* lblDemoTests.xctest */,
			);
			name = Products;
			sourceTree = "<group>";
		};
		386122851AB304F700BDEF0A /* lblDemo */ = {
			isa = PBXGroup;
			children = (
				3861228A1AB304F700BDEF0A /* AppDelegate.h */,
				3861228B1AB304F700BDEF0A /* AppDelegate.m */,
				3861228D1AB304F700BDEF0A /* ViewController.h */,
				3861228E1AB304F700BDEF0A /* ViewController.m */,
				386122901AB304F700BDEF0A /* Main.storyboard */,
				386122931AB304F700BDEF0A /* Images.xcassets */,
				386122951AB304F700BDEF0A /* LaunchScreen.xib */,
				386122861AB304F700BDEF0A /* Supporting Files */,
			);
			path = lblDemo;
			sourceTree = "<group>";
		};
		386122861AB304F700BDEF0A /* Supporting Files */ = {
			isa = PBXGroup;
			children = (
				386122871AB304F700BDEF0A /* Info.plist */,
				386122881AB304F700BDEF0A /* main.m */,
			);
			name = "Supporting Files";
			sourceTree = "<group>";
		};
		3861229F1AB304F700BDEF0A /* lblDemoTests */ = {
			isa = PBXGroup;
			children = (
				386122A21AB304F700BDEF0A /* lblDemoTests.m */,
				386122A01AB304F700BDEF0A /* Supporting Files */,
			);
			path = lblDemoTests;
			sourceTree = "<group>";
		};
		386122A01AB304F700BDEF0A /* Supporting Files */ = {
			isa = PBXGroup;
			children = (
				386122A11AB304F700BDEF0A /* Info.plist */,
			);
			name = "Supporting Files";
			sourceTree = "<group>";
		};
/* End PBXGroup section */

/* Begin PBXNativeTarget section */
		386122821AB304F700BDEF0A /* lblDemo */ = {
			isa = PBXNativeTarget;
			buildConfigurationList = 386122A61AB304F700BDEF0A /* Build configuration list for PBXNativeTarget "lblDemo" */;
			buildPhases = (
				3861227F1AB304F700BDEF0A /* Sources */,
				386122801AB304F700BDEF0A /* Frameworks */,
				386122811AB304F700BDEF0A /* Resources */,
			);
			buildRules = (
			);
			dependencies = (
			);
			name = lblDemo;
			productName = lblDemo;
			productReference = 386122831AB304F700BDEF0A /* lblDemo.app */;
			productType = "com.apple.product-type.application";
		};
		3861229B1AB304F700BDEF0A /* lblDemoTests */ = {
			isa = PBXNativeTarget;
			buildConfigurationList = 386122A91AB304F700BDEF0A /* Build configuration list for PBXNativeTarget "lblDemoTests" */;
			buildPhases = (
				386122981AB304F700BDEF0A /* Sources */,
				386122991AB304F700BDEF0A /* Frameworks */,
				3861229A1AB304F700BDEF0A /* Resources */,
			);
			buildRules = (
			);
			dependencies = (
				3861229E1AB304F700BDEF0A /* PBXTargetDependency */,
			);
			name = lblDemoTests;
			productName = lblDemoTests;
			productReference = 3861229C1AB304F700BDEF0A /* lblDemoTests.xctest */;
			productType = "com.apple.product-type.bundle.unit-test";
		};
/* End PBXNativeTarget section */

/* Begin PBXProject section */
		3861227B1AB304F700BDEF0A /* Project object */ = {
			isa = PBXProject;
			attributes = {
				LastUpgradeCheck = 0610;
				ORGANIZATIONNAME = "convoytechlabs-mac1";
				TargetAttributes = {
					386122821AB304F700BDEF0A = {
						CreatedOnToolsVersion = 6.1.1;
					};
					3861229B1AB304F700BDEF0A = {
						CreatedOnToolsVersion = 6.1.1;
						TestTargetID = 386122821AB304F700BDEF0A;
					};
				};
			};
			buildConfigurationList = 3861227E1AB304F700BDEF0A /* Build configuration list for PBXProject "lblDemo" */;
			compatibilityVersion = "Xcode 3.2";
			developmentRegion = English;
			hasScannedForEncodings = 0;
			knownRegions = (
				en,
				Base,
			);
			mainGroup = 3861227A1AB304F700BDEF0A;
			productRefGroup = 386122841AB304F700BDEF0A /* Products */;
			projectDirPath = "";
			projectRoot = "";
			targets = (
				386122821AB304F700BDEF0A /* lblDemo */,
				3861229B1AB304F700BDEF0A /* lblDemoTests */,
			);
		};
/* End PBXProject section */

/* Begin PBXResourcesBuildPhase section */
		386122811AB304F700BDEF0A /* Resources */ = {
			isa = PBXResourcesBuildPhase;
			buildActionMask = 2147483647;
			files = (
				386122921AB304F700BDEF0A /* Main.storyboard in Resources */,
				386122971AB304F700BDEF0A /* LaunchScreen.xib in Resources */,
				386122941AB304F700BDEF0A /* Images.xcassets in Resources */,
			);
			runOnlyForDeploymentPostprocessing = 0;
		};
		3861229A1AB304F700BDEF0A /* Resources */ = {
			isa = PBXResourcesBuildPhase;
			buildActionMask = 2147483647;
			files = (
			);
			runOnlyForDeploymentPostprocessing = 0;
		};
/* End PBXResourcesBuildPhase section */

/* Begin PBXSourcesBuildPhase section */
		3861227F1AB304F700BDEF0A /* Sources */ = {
			isa = PBXSourcesBuildPhase;
			buildActionMask = 2147483647;
			files = (
				3861228F1AB304F700BDEF0A /* ViewController.m in Sources */,
				3861228C1AB304F700BDEF0A /* AppDelegate.m in Sources */,
				386122891AB304F700BDEF0A /* main.m in Sources */,
			);
			runOnlyForDeploymentPostprocessing = 0;
		};
		386122981AB304F700BDEF0A /* Sources */ = {
			isa = PBXSourcesBuildPhase;
			buildActionMask = 2147483647;
			files = (
				386122A31AB304F700BDEF0A /* lblDemoTests.m in Sources */,
			);
			runOnlyForDeploymentPostprocessing = 0;
		};
/* End PBXSourcesBuildPhase section */

/* Begin PBXTargetDependency section */
		3861229E1AB304F700BDEF0A /* PBXTargetDependency */ = {
			isa = PBXTargetDependency;
			target = 386122821AB304F700BDEF0A /* lblDemo */;
			targetProxy = 3861229D1AB304F700BDEF0A /* PBXContainerItemProxy */;
		};
/* End PBXTargetDependency section */

/* Begin PBXVariantGroup section */
		386122901AB304F700BDEF0A /* Main.storyboard */ = {
			isa = PBXVariantGroup;
			children = (
				386122911AB304F700BDEF0A /* Base */,
			);
			name = Main.storyboard;
			sourceTree = "<group>";
		};
		386122951AB304F700BDEF0A /* LaunchScreen.xib */ = {
			isa = PBXVariantGroup;
			children = (
				386122961AB304F700BDEF0A /* Base */,
			);
			name = LaunchScreen.xib;
			sourceTree = "<group>";
		};
/* End PBXVariantGroup section */

/* Begin XCBuildConfiguration section */
		386122A41AB304F700BDEF0A /* Debug */ = {
			isa = XCBuildConfiguration;
			buildSettings = {
				ALWAYS_SEARCH_USER_PATHS = NO;
				CLANG_CXX_LANGUAGE_STANDARD = "gnu++0x";
				CLANG_CXX_LIBRARY = "libc++";
				CLANG_ENABLE_MODULES = YES;
				CLANG_ENABLE_OBJC_ARC = YES;
				CLANG_WARN_BOOL_CONVERSION = YES;
				CLANG_WARN_CONSTANT_CONVERSION = YES;
				CLANG_WARN_DIRECT_OBJC_ISA_USAGE = YES_ERROR;
				CLANG_WARN_EMPTY_BODY = YES;
				CLANG_WARN_ENUM_CONVERSION = YES;
				CLANG_WARN_INT_CONVERSION = YES;
				CLANG_WARN_OBJC_ROOT_CLASS = YES_ERROR;
				CLANG_WARN_UNREACHABLE_CODE = YES;
				CLANG_WARN__DUPLICATE_METHOD_MATCH = YES;
				"CODE_SIGN_IDENTITY[sdk=iphoneos*]" = "iPhone Developer";
				COPY_PHASE_STRIP = NO;
				ENABLE_STRICT_OBJC_MSGSEND = YES;
				GCC_C_LANGUAGE_STANDARD = gnu99;
				GCC_DYNAMIC_NO_PIC = NO;
				GCC_OPTIMIZATION_LEVEL = 0;
				GCC_PREPROCESSOR_DEFINITIONS = (
					"DEBUG=1",
					"$(inherited)",
				);
				GCC_SYMBOLS_PRIVATE_EXTERN = NO;
				GCC_WARN_64_TO_32_BIT_CONVERSION = YES;
				GCC_WARN_ABOUT_RETURN_TYPE = YES_ERROR;
				GCC_WARN_UNDECLARED_SELECTOR = YES;
				GCC_WARN_UNINITIALIZED_AUTOS = YES_AGGRESSIVE;
				GCC_WARN_UNUSED_FUNCTION = YES;
				GCC_WARN_UNUSED_VARIABLE = YES;
				IPHONEOS_DEPLOYMENT_TARGET = 8.1;
				MTL_ENABLE_DEBUG_INFO = YES;
				ONLY_ACTIVE_ARCH = YES;
				SDKROOT = iphoneos;
			};
			name = Debug;
		};
		386122A51AB304F700BDEF0A /* Release */ = {
			isa = XCBuildConfiguration;
			buildSettings = {
				ALWAYS_SEARCH_USER_PATHS = NO;
				CLANG_CXX_LANGUAGE_STANDARD = "gnu++0x";
				CLANG_CXX_LIBRARY = "libc++";
				CLANG_ENABLE_MODULES = YES;
				CLANG_ENABLE_OBJC_ARC = YES;
				CLANG_WARN_BOOL_CONVERSION = YES;
				CLANG_WARN_CONSTANT_CONVERSION = YES;
				CLANG_WARN_DIRECT_OBJC_ISA_USAGE = YES_ERROR;
				CLANG_WARN_EMPTY_BODY = YES;
				CLANG_WARN_ENUM_CONVERSION = YES;
				CLANG_WARN_INT_CONVERSION = YES;
				CLANG_WARN_OBJC_ROOT_CLASS = YES_ERROR;
				CLANG_WARN_UNREACHABLE_CODE = YES;
				CLANG_WARN__DUPLICATE_METHOD_MATCH = YES;
				"CODE_SIGN_IDENTITY[sdk=iphoneos*]" = "iPhone Developer";
				COPY_PHASE_STRIP = YES;
				ENABLE_NS_ASSERTIONS = NO;
				ENABLE_STRICT_OBJC_MSGSEND = YES;
				GCC_C_LANGUAGE_STANDARD = gnu99;
				GCC_WARN_64_TO_32_BIT_CONVERSION = YES;
				GCC_WARN_ABOUT_RETURN_TYPE = YES_ERROR;
				GCC_WARN_UNDECLARED_SELECTOR = YES;
				GCC_WARN_UNINITIALIZED_AUTOS = YES_AGGRESSIVE;
				GCC_WARN_UNUSED_FUNCTION = YES;
				GCC_WARN_UNUSED_VARIABLE = YES;
				IPHONEOS_DEPLOYMENT_TARGET = 8.1;
				MTL_ENABLE_DEBUG_INFO = NO;
				SDKROOT = iphoneos;
				VALIDATE_PRODUCT = YES;
			};
			name = Release;
		};
		386122A71AB304F700BDEF0A /* Debug */ = {
			isa = XCBuildConfiguration;
			buildSettings = {
				ASSETCATALOG_COMPILER_APPICON_NAME = AppIcon;
				INFOPLIST_FILE = lblDemo/Info.plist;
				LD_RUNPATH_SEARCH_PATHS = "$(inherited) @executable_path/Frameworks";
				PRODUCT_NAME = "$(TARGET_NAME)";
			};
			name = Debug;
		};
		386122A81AB304F700BDEF0A /* Release */ = {
			isa = XCBuildConfiguration;
			buildSettings = {
				ASSETCATALOG_COMPILER_APPICON_NAME = AppIcon;
				INFOPLIST_FILE = lblDemo/Info.plist;
				LD_RUNPATH_SEARCH_PATHS = "$(inherited) @executable_path/Frameworks";
				PRODUCT_NAME = "$(TARGET_NAME)";
			};
			name = Release;
		};
		386122AA1AB304F700BDEF0A /* Debug */ = {
			isa = XCBuildConfiguration;
			buildSettings = {
				BUNDLE_LOADER = "$(TEST_HOST)";
				FRAMEWORK_SEARCH_PATHS = (
					"$(SDKROOT)/Developer/Library/Frameworks",
					"$(inherited)",
				);
				GCC_PREPROCESSOR_DEFINITIONS = (
					"DEBUG=1",
					"$(inherited)",
				);
				INFOPLIST_FILE = lblDemoTests/Info.plist;
				LD_RUNPATH_SEARCH_PATHS = "$(inherited) @executable_path/Frameworks @loader_path/Frameworks";
				PRODUCT_NAME = "$(TARGET_NAME)";
				TEST_HOST = "$(BUILT_PRODUCTS_DIR)/lblDemo.app/lblDemo";
			};
			name = Debug;
		};
		386122AB1AB304F700BDEF0A /* Release */ = {
			isa = XCBuildConfiguration;
			buildSettings = {
				BUNDLE_LOADER = "$(TEST_HOST)";
				FRAMEWORK_SEARCH_PATHS = (
					"$(SDKROOT)/Developer/Library/Frameworks",
					"$(inherited)",
				);
				INFOPLIST_FILE = lblDemoTests/Info.plist;
				LD_RUNPATH_SEARCH_PATHS = "$(inherited) @executable_path/Frameworks @loader_path/Frameworks";
				PRODUCT_NAME = "$(TARGET_NAME)";
				TEST_HOST = "$(BUILT_PRODUCTS_DIR)/lblDemo.app/lblDemo";
			};
			name = Release;
		};
/* End XCBuildConfiguration section */

/* Begin XCConfigurationList section */
		3861227E1AB304F700BDEF0A /* Build configuration list for PBXProject "lblDemo" */ = {
			isa = XCConfigurationList;
			buildConfigurations = (
				386122A41AB304F700BDEF0A /* Debug */,
				386122A51AB304F700BDEF0A /* Release */,
			);
			defaultConfigurationIsVisible = 0;
			defaultConfigurationName = Release;
		};
		386122A61AB304F700BDEF0A /* Build configuration list for PBXNativeTarget "lblDemo" */ = {
			isa = XCConfigurationList;
			buildConfigurations = (
				386122A71AB304F700BDEF0A /* Debug */,
				386122A81AB304F700BDEF0A /* Release */,
			);
			defaultConfigurationIsVisible = 0;
		};
		386122A91AB304F700BDEF0A /* Build configuration list for PBXNativeTarget "lblDemoTests" */ = {
			isa = XCConfigurationList;
			buildConfigurations = (
				386122AA1AB304F700BDEF0A /* Debug */,
				386122AB1AB304F700BDEF0A /* Release */,
			);
			defaultConfigurationIsVisible = 0;
		};
/* End XCConfigurationList section */
	};
	rootObject = 3861227B1AB304F700BDEF0A /* Project object */;
}
